// !$*UTF8*$!
{
	archiveVersion = 1;
	classes = {
	};
	objectVersion = 48;
	objects = {

/* Begin PBXBuildFile section */
		1B5979EF1CBB17A400CEAEA7 /* ColorPicker.storyboard in Resources */ = {isa = PBXBuildFile; fileRef = 1B5979DC1CBB17A400CEAEA7 /* ColorPicker.storyboard */; };
		1B5979F11CBB17A400CEAEA7 /* ColorExtensions.swift in Sources */ = {isa = PBXBuildFile; fileRef = 1B5979E01CBB17A400CEAEA7 /* ColorExtensions.swift */; };
		1B5979F21CBB17A400CEAEA7 /* ColorProtocols.swift in Sources */ = {isa = PBXBuildFile; fileRef = 1B5979E11CBB17A400CEAEA7 /* ColorProtocols.swift */; };
		1B5979F61CBB17A400CEAEA7 /* GradientColorTriangle.swift in Sources */ = {isa = PBXBuildFile; fileRef = 1B5979E61CBB17A400CEAEA7 /* GradientColorTriangle.swift */; };
		1B5979F91CBB17A400CEAEA7 /* LightnessGradientView.swift in Sources */ = {isa = PBXBuildFile; fileRef = 1B5979E91CBB17A400CEAEA7 /* LightnessGradientView.swift */; };
		1B5979FB1CBB17A400CEAEA7 /* TriangleView.swift in Sources */ = {isa = PBXBuildFile; fileRef = 1B5979EB1CBB17A400CEAEA7 /* TriangleView.swift */; };
		1B5979FC1CBB17A400CEAEA7 /* TriangleViewController.swift in Sources */ = {isa = PBXBuildFile; fileRef = 1B5979EC1CBB17A400CEAEA7 /* TriangleViewController.swift */; };
		1B6EB46E1CAD711D00B08F09 /* HyperbolicDot.swift in Sources */ = {isa = PBXBuildFile; fileRef = 1B6EB46D1CAD711D00B08F09 /* HyperbolicDot.swift */; };
		1B6EB4701CAD716D00B08F09 /* HyperbolicPolyline.swift in Sources */ = {isa = PBXBuildFile; fileRef = 1B6EB46F1CAD716D00B08F09 /* HyperbolicPolyline.swift */; };
		1B6EB4731CAD724900B08F09 /* HyperbolicPolygon.swift in Sources */ = {isa = PBXBuildFile; fileRef = 1B6EB4721CAD724900B08F09 /* HyperbolicPolygon.swift */; };
		1B6EB4751CAD727700B08F09 /* HDrawable.swift in Sources */ = {isa = PBXBuildFile; fileRef = 1B6EB4741CAD727700B08F09 /* HDrawable.swift */; };
		1B740F9A1C06A2FC0082BC4C /* Extensions.swift in Sources */ = {isa = PBXBuildFile; fileRef = 1B740F991C06A2FC0082BC4C /* Extensions.swift */; };
		1BA2D5B31CA1E1C90036ACCD /* CenterPoint.swift in Sources */ = {isa = PBXBuildFile; fileRef = 1BA2D5B21CA1E1C90036ACCD /* CenterPoint.swift */; };
		1BC1B2C01C3D702D00FF17C6 /* LocationTable.swift in Sources */ = {isa = PBXBuildFile; fileRef = 1BC1B2BF1C3D702D00FF17C6 /* LocationTable.swift */; };
		1BC1B2C21C3D713300FF17C6 /* HyperbolicTransformation.swift in Sources */ = {isa = PBXBuildFile; fileRef = 1BC1B2C11C3D713300FF17C6 /* HyperbolicTransformation.swift */; };
		1BC1B2C41C3D71B400FF17C6 /* GroupGeneration.swift in Sources */ = {isa = PBXBuildFile; fileRef = 1BC1B2C31C3D71B400FF17C6 /* GroupGeneration.swift */; };
		1BDBD05F1B5C21370057B710 /* AppDelegate.swift in Sources */ = {isa = PBXBuildFile; fileRef = 1BDBD05E1B5C21370057B710 /* AppDelegate.swift */; };
		1BDBD0621B5C21370057B710 /* CircleLimit.xcdatamodeld in Sources */ = {isa = PBXBuildFile; fileRef = 1BDBD0601B5C21370057B710 /* CircleLimit.xcdatamodeld */; };
		1BDBD0671B5C21370057B710 /* Main.storyboard in Resources */ = {isa = PBXBuildFile; fileRef = 1BDBD0651B5C21370057B710 /* Main.storyboard */; };
		1BDBD0691B5C21370057B710 /* Images.xcassets in Resources */ = {isa = PBXBuildFile; fileRef = 1BDBD0681B5C21370057B710 /* Images.xcassets */; };
		1BDBD06C1B5C21370057B710 /* LaunchScreen.xib in Resources */ = {isa = PBXBuildFile; fileRef = 1BDBD06A1B5C21370057B710 /* LaunchScreen.xib */; };
		1BDBD0781B5C21370057B710 /* CircleLimitTests.swift in Sources */ = {isa = PBXBuildFile; fileRef = 1BDBD0771B5C21370057B710 /* CircleLimitTests.swift */; };
		1BDBD0821B5C21BE0057B710 /* CircleViewController.swift in Sources */ = {isa = PBXBuildFile; fileRef = 1BDBD0811B5C21BE0057B710 /* CircleViewController.swift */; };
		1BDBD0841B5C22740057B710 /* PoincareDisk.swift in Sources */ = {isa = PBXBuildFile; fileRef = 1BDBD0831B5C22740057B710 /* PoincareDisk.swift */; };
		1BDBD08A1B5C2BEA0057B710 /* Complex.swift in Sources */ = {isa = PBXBuildFile; fileRef = 1BDBD0891B5C2BEA0057B710 /* Complex.swift */; };
		1BDBD08F1B5C43590057B710 /* PoincareView.swift in Sources */ = {isa = PBXBuildFile; fileRef = 1BDBD08E1B5C43590057B710 /* PoincareView.swift */; };
		1BDD539F1B7162620054445B /* DynamicProgramming.swift in Sources */ = {isa = PBXBuildFile; fileRef = 1BDD539E1B7162620054445B /* DynamicProgramming.swift */; };
		1BE3632221559D1600FA59A9 /* Examples.swift in Sources */ = {isa = PBXBuildFile; fileRef = 1BE3632121559D1600FA59A9 /* Examples.swift */; };
		7BAA2E94FC6BCACA72213BB9 /* Pods_CircleLimitClassic.framework in Frameworks */ = {isa = PBXBuildFile; fileRef = 63866ED85587F182F36F6FFA /* Pods_CircleLimitClassic.framework */; };
		907208B420BCD7690069468E /* HelpViewController.swift in Sources */ = {isa = PBXBuildFile; fileRef = 907208B320BCD7690069468E /* HelpViewController.swift */; };
		9088782E20C9D30800F3C36A /* ColorInfo.swift in Sources */ = {isa = PBXBuildFile; fileRef = 9088782D20C9D30800F3C36A /* ColorInfo.swift */; };
		9088783020CA0C5700F3C36A /* FileMaster.swift in Sources */ = {isa = PBXBuildFile; fileRef = 9088782F20CA0C5700F3C36A /* FileMaster.swift */; };
		90A598542139D5490031A743 /* Bolts.framework in Frameworks */ = {isa = PBXBuildFile; fileRef = 90A598502139D5450031A743 /* Bolts.framework */; };
		90A598552139D5490031A743 /* FBSDKCoreKit.framework in Frameworks */ = {isa = PBXBuildFile; fileRef = 90A598512139D5470031A743 /* FBSDKCoreKit.framework */; };
		90A598562139D5490031A743 /* FBSDKShareKit.framework in Frameworks */ = {isa = PBXBuildFile; fileRef = 90A598522139D5480031A743 /* FBSDKShareKit.framework */; };
		90A598572139D5490031A743 /* FBSDKLoginKit.framework in Frameworks */ = {isa = PBXBuildFile; fileRef = 90A598532139D5480031A743 /* FBSDKLoginKit.framework */; };
		90C3DFFF20CAD74B00CD73ED /* GalleryViewController.swift in Sources */ = {isa = PBXBuildFile; fileRef = 90C3DFFE20CAD74B00CD73ED /* GalleryViewController.swift */; };
		B32D96E14536CF83B3F54224 /* Pods_CircleLimitClassicTests.framework in Frameworks */ = {isa = PBXBuildFile; fileRef = AEA97C06FA3C7A7C03893B1D /* Pods_CircleLimitClassicTests.framework */; };
/* End PBXBuildFile section */

/* Begin PBXContainerItemProxy section */
		1BDBD0721B5C21370057B710 /* PBXContainerItemProxy */ = {
			isa = PBXContainerItemProxy;
			containerPortal = 1BDBD0511B5C21370057B710 /* Project object */;
			proxyType = 1;
			remoteGlobalIDString = 1BDBD0581B5C21370057B710;
			remoteInfo = CircleLimit;
		};
/* End PBXContainerItemProxy section */

/* Begin PBXFileReference section */
		0DF9FA8F1A7716BC258F078A /* Pods-CircleLimitClassicTests.release.xcconfig */ = {isa = PBXFileReference; includeInIndex = 1; lastKnownFileType = text.xcconfig; name = "Pods-CircleLimitClassicTests.release.xcconfig"; path = "Pods/Target Support Files/Pods-CircleLimitClassicTests/Pods-CircleLimitClassicTests.release.xcconfig"; sourceTree = "<group>"; };
		16AB4B36D0D6274771AC31FB /* Pods-CircleLimitClassic.release.xcconfig */ = {isa = PBXFileReference; includeInIndex = 1; lastKnownFileType = text.xcconfig; name = "Pods-CircleLimitClassic.release.xcconfig"; path = "Pods/Target Support Files/Pods-CircleLimitClassic/Pods-CircleLimitClassic.release.xcconfig"; sourceTree = "<group>"; };
		1B5979DD1CBB17A400CEAEA7 /* Base */ = {isa = PBXFileReference; lastKnownFileType = file.storyboard; name = Base; path = Base.lproj/ColorPicker.storyboard; sourceTree = "<group>"; };
		1B5979E01CBB17A400CEAEA7 /* ColorExtensions.swift */ = {isa = PBXFileReference; fileEncoding = 4; lastKnownFileType = sourcecode.swift; path = ColorExtensions.swift; sourceTree = "<group>"; };
		1B5979E11CBB17A400CEAEA7 /* ColorProtocols.swift */ = {isa = PBXFileReference; fileEncoding = 4; lastKnownFileType = sourcecode.swift; path = ColorProtocols.swift; sourceTree = "<group>"; };
		1B5979E61CBB17A400CEAEA7 /* GradientColorTriangle.swift */ = {isa = PBXFileReference; fileEncoding = 4; lastKnownFileType = sourcecode.swift; path = GradientColorTriangle.swift; sourceTree = "<group>"; };
		1B5979E91CBB17A400CEAEA7 /* LightnessGradientView.swift */ = {isa = PBXFileReference; fileEncoding = 4; lastKnownFileType = sourcecode.swift; path = LightnessGradientView.swift; sourceTree = "<group>"; };
		1B5979EB1CBB17A400CEAEA7 /* TriangleView.swift */ = {isa = PBXFileReference; fileEncoding = 4; lastKnownFileType = sourcecode.swift; path = TriangleView.swift; sourceTree = "<group>"; };
		1B5979EC1CBB17A400CEAEA7 /* TriangleViewController.swift */ = {isa = PBXFileReference; fileEncoding = 4; lastKnownFileType = sourcecode.swift; path = TriangleViewController.swift; sourceTree = "<group>"; };
		1B6EB46D1CAD711D00B08F09 /* HyperbolicDot.swift */ = {isa = PBXFileReference; fileEncoding = 4; lastKnownFileType = sourcecode.swift; path = HyperbolicDot.swift; sourceTree = "<group>"; };
		1B6EB46F1CAD716D00B08F09 /* HyperbolicPolyline.swift */ = {isa = PBXFileReference; fileEncoding = 4; lastKnownFileType = sourcecode.swift; name = HyperbolicPolyline.swift; path = HDrawable/HyperbolicPolyline.swift; sourceTree = "<group>"; };
		1B6EB4721CAD724900B08F09 /* HyperbolicPolygon.swift */ = {isa = PBXFileReference; fileEncoding = 4; lastKnownFileType = sourcecode.swift; lineEnding = 0; path = HyperbolicPolygon.swift; sourceTree = "<group>"; xcLanguageSpecificationIdentifier = xcode.lang.swift; };
		1B6EB4741CAD727700B08F09 /* HDrawable.swift */ = {isa = PBXFileReference; fileEncoding = 4; lastKnownFileType = sourcecode.swift; path = HDrawable.swift; sourceTree = "<group>"; };
		1B740F991C06A2FC0082BC4C /* Extensions.swift */ = {isa = PBXFileReference; fileEncoding = 4; lastKnownFileType = sourcecode.swift; lineEnding = 0; path = Extensions.swift; sourceTree = "<group>"; xcLanguageSpecificationIdentifier = xcode.lang.swift; };
		1BA2D5B21CA1E1C90036ACCD /* CenterPoint.swift */ = {isa = PBXFileReference; fileEncoding = 4; lastKnownFileType = sourcecode.swift; lineEnding = 0; path = CenterPoint.swift; sourceTree = "<group>"; xcLanguageSpecificationIdentifier = xcode.lang.swift; };
		1BC1B2BF1C3D702D00FF17C6 /* LocationTable.swift */ = {isa = PBXFileReference; fileEncoding = 4; lastKnownFileType = sourcecode.swift; path = LocationTable.swift; sourceTree = "<group>"; };
		1BC1B2C11C3D713300FF17C6 /* HyperbolicTransformation.swift */ = {isa = PBXFileReference; fileEncoding = 4; lastKnownFileType = sourcecode.swift; path = HyperbolicTransformation.swift; sourceTree = "<group>"; };
		1BC1B2C31C3D71B400FF17C6 /* GroupGeneration.swift */ = {isa = PBXFileReference; fileEncoding = 4; lastKnownFileType = sourcecode.swift; path = GroupGeneration.swift; sourceTree = "<group>"; };
		1BDBD0591B5C21370057B710 /* CircleLimitClassic.app */ = {isa = PBXFileReference; explicitFileType = wrapper.application; includeInIndex = 0; path = CircleLimitClassic.app; sourceTree = BUILT_PRODUCTS_DIR; };
		1BDBD05D1B5C21370057B710 /* Info.plist */ = {isa = PBXFileReference; lastKnownFileType = text.plist.xml; path = Info.plist; sourceTree = "<group>"; };
		1BDBD05E1B5C21370057B710 /* AppDelegate.swift */ = {isa = PBXFileReference; lastKnownFileType = sourcecode.swift; path = AppDelegate.swift; sourceTree = "<group>"; };
		1BDBD0611B5C21370057B710 /* CircleLimit.xcdatamodel */ = {isa = PBXFileReference; lastKnownFileType = wrapper.xcdatamodel; path = CircleLimit.xcdatamodel; sourceTree = "<group>"; };
		1BDBD0661B5C21370057B710 /* Base */ = {isa = PBXFileReference; lastKnownFileType = file.storyboard; name = Base; path = Base.lproj/Main.storyboard; sourceTree = "<group>"; };
		1BDBD0681B5C21370057B710 /* Images.xcassets */ = {isa = PBXFileReference; lastKnownFileType = folder.assetcatalog; path = Images.xcassets; sourceTree = "<group>"; };
		1BDBD06B1B5C21370057B710 /* Base */ = {isa = PBXFileReference; lastKnownFileType = file.xib; name = Base; path = Base.lproj/LaunchScreen.xib; sourceTree = "<group>"; };
		1BDBD0711B5C21370057B710 /* CircleLimitClassicTests.xctest */ = {isa = PBXFileReference; explicitFileType = wrapper.cfbundle; includeInIndex = 0; path = CircleLimitClassicTests.xctest; sourceTree = BUILT_PRODUCTS_DIR; };
		1BDBD0761B5C21370057B710 /* Info.plist */ = {isa = PBXFileReference; lastKnownFileType = text.plist.xml; path = Info.plist; sourceTree = "<group>"; };
		1BDBD0771B5C21370057B710 /* CircleLimitTests.swift */ = {isa = PBXFileReference; lastKnownFileType = sourcecode.swift; path = CircleLimitTests.swift; sourceTree = "<group>"; };
		1BDBD0811B5C21BE0057B710 /* CircleViewController.swift */ = {isa = PBXFileReference; fileEncoding = 4; lastKnownFileType = sourcecode.swift; lineEnding = 0; path = CircleViewController.swift; sourceTree = "<group>"; xcLanguageSpecificationIdentifier = xcode.lang.swift; };
		1BDBD0831B5C22740057B710 /* PoincareDisk.swift */ = {isa = PBXFileReference; fileEncoding = 4; lastKnownFileType = sourcecode.swift; path = PoincareDisk.swift; sourceTree = "<group>"; };
		1BDBD0891B5C2BEA0057B710 /* Complex.swift */ = {isa = PBXFileReference; fileEncoding = 4; lastKnownFileType = sourcecode.swift; name = Complex.swift; path = ../Complex.swift; sourceTree = "<group>"; };
		1BDBD08E1B5C43590057B710 /* PoincareView.swift */ = {isa = PBXFileReference; fileEncoding = 4; lastKnownFileType = sourcecode.swift; name = PoincareView.swift; path = ../PoincareView.swift; sourceTree = "<group>"; };
		1BDD539E1B7162620054445B /* DynamicProgramming.swift */ = {isa = PBXFileReference; fileEncoding = 4; lastKnownFileType = sourcecode.swift; path = DynamicProgramming.swift; sourceTree = "<group>"; };
		1BE3632121559D1600FA59A9 /* Examples.swift */ = {isa = PBXFileReference; lastKnownFileType = sourcecode.swift; path = Examples.swift; sourceTree = "<group>"; };
		441D7C8C14401C5FFFA2D8C9 /* Pods-CircleLimitClassic.debug.xcconfig */ = {isa = PBXFileReference; includeInIndex = 1; lastKnownFileType = text.xcconfig; name = "Pods-CircleLimitClassic.debug.xcconfig"; path = "Pods/Target Support Files/Pods-CircleLimitClassic/Pods-CircleLimitClassic.debug.xcconfig"; sourceTree = "<group>"; };
		63866ED85587F182F36F6FFA /* Pods_CircleLimitClassic.framework */ = {isa = PBXFileReference; explicitFileType = wrapper.framework; includeInIndex = 0; path = Pods_CircleLimitClassic.framework; sourceTree = BUILT_PRODUCTS_DIR; };
		907208B320BCD7690069468E /* HelpViewController.swift */ = {isa = PBXFileReference; lastKnownFileType = sourcecode.swift; path = HelpViewController.swift; sourceTree = "<group>"; };
		9088782D20C9D30800F3C36A /* ColorInfo.swift */ = {isa = PBXFileReference; lastKnownFileType = sourcecode.swift; path = ColorInfo.swift; sourceTree = "<group>"; };
		9088782F20CA0C5700F3C36A /* FileMaster.swift */ = {isa = PBXFileReference; lastKnownFileType = sourcecode.swift; path = FileMaster.swift; sourceTree = "<group>"; };
		90A598502139D5450031A743 /* Bolts.framework */ = {isa = PBXFileReference; lastKnownFileType = wrapper.framework; path = Bolts.framework; sourceTree = "<group>"; };
		90A598512139D5470031A743 /* FBSDKCoreKit.framework */ = {isa = PBXFileReference; lastKnownFileType = wrapper.framework; path = FBSDKCoreKit.framework; sourceTree = "<group>"; };
		90A598522139D5480031A743 /* FBSDKShareKit.framework */ = {isa = PBXFileReference; lastKnownFileType = wrapper.framework; path = FBSDKShareKit.framework; sourceTree = "<group>"; };
		90A598532139D5480031A743 /* FBSDKLoginKit.framework */ = {isa = PBXFileReference; lastKnownFileType = wrapper.framework; path = FBSDKLoginKit.framework; sourceTree = "<group>"; };
		90C3DFFE20CAD74B00CD73ED /* GalleryViewController.swift */ = {isa = PBXFileReference; lastKnownFileType = sourcecode.swift; path = GalleryViewController.swift; sourceTree = "<group>"; };
		AEA97C06FA3C7A7C03893B1D /* Pods_CircleLimitClassicTests.framework */ = {isa = PBXFileReference; explicitFileType = wrapper.framework; includeInIndex = 0; path = Pods_CircleLimitClassicTests.framework; sourceTree = BUILT_PRODUCTS_DIR; };
		D5FEAAE93649B833B82C7AF1 /* Pods-CircleLimitClassicTests.debug.xcconfig */ = {isa = PBXFileReference; includeInIndex = 1; lastKnownFileType = text.xcconfig; name = "Pods-CircleLimitClassicTests.debug.xcconfig"; path = "Pods/Target Support Files/Pods-CircleLimitClassicTests/Pods-CircleLimitClassicTests.debug.xcconfig"; sourceTree = "<group>"; };
/* End PBXFileReference section */

/* Begin PBXFrameworksBuildPhase section */
		1BDBD0561B5C21370057B710 /* Frameworks */ = {
			isa = PBXFrameworksBuildPhase;
			buildActionMask = 2147483647;
			files = (
				90A598542139D5490031A743 /* Bolts.framework in Frameworks */,
				90A598552139D5490031A743 /* FBSDKCoreKit.framework in Frameworks */,
				90A598572139D5490031A743 /* FBSDKLoginKit.framework in Frameworks */,
				90A598562139D5490031A743 /* FBSDKShareKit.framework in Frameworks */,
				7BAA2E94FC6BCACA72213BB9 /* Pods_CircleLimitClassic.framework in Frameworks */,
			);
			runOnlyForDeploymentPostprocessing = 0;
		};
		1BDBD06E1B5C21370057B710 /* Frameworks */ = {
			isa = PBXFrameworksBuildPhase;
			buildActionMask = 2147483647;
			files = (
				B32D96E14536CF83B3F54224 /* Pods_CircleLimitClassicTests.framework in Frameworks */,
			);
			runOnlyForDeploymentPostprocessing = 0;
		};
/* End PBXFrameworksBuildPhase section */

/* Begin PBXGroup section */
		1B5979D91CBB17A400CEAEA7 /* ColorStudent */ = {
			isa = PBXGroup;
			children = (
				1BDBD0681B5C21370057B710 /* Images.xcassets */,
				1B5979DC1CBB17A400CEAEA7 /* ColorPicker.storyboard */,
				1B5979EC1CBB17A400CEAEA7 /* TriangleViewController.swift */,
				1B5979EB1CBB17A400CEAEA7 /* TriangleView.swift */,
				1B5979E91CBB17A400CEAEA7 /* LightnessGradientView.swift */,
				1B5979E61CBB17A400CEAEA7 /* GradientColorTriangle.swift */,
				1B5979E01CBB17A400CEAEA7 /* ColorExtensions.swift */,
				1B5979E11CBB17A400CEAEA7 /* ColorProtocols.swift */,
			);
			path = ColorStudent;
			sourceTree = "<group>";
		};
		1B6EB4711CAD718A00B08F09 /* HDrawable */ = {
			isa = PBXGroup;
			children = (
				1B6EB4741CAD727700B08F09 /* HDrawable.swift */,
				9088782D20C9D30800F3C36A /* ColorInfo.swift */,
				1B6EB46F1CAD716D00B08F09 /* HyperbolicPolyline.swift */,
				1B6EB4721CAD724900B08F09 /* HyperbolicPolygon.swift */,
				1B6EB46D1CAD711D00B08F09 /* HyperbolicDot.swift */,
			);
			name = HDrawable;
			sourceTree = "<group>";
		};
		1B6EB4761CAD78D900B08F09 /* Geometry */ = {
			isa = PBXGroup;
			children = (
				1BDBD0891B5C2BEA0057B710 /* Complex.swift */,
				1BDBD0831B5C22740057B710 /* PoincareDisk.swift */,
				1BC1B2C11C3D713300FF17C6 /* HyperbolicTransformation.swift */,
			);
			name = Geometry;
			sourceTree = "<group>";
		};
		1B6EB4781CAD798600B08F09 /* Algorithms */ = {
			isa = PBXGroup;
			children = (
				1BA2D5B21CA1E1C90036ACCD /* CenterPoint.swift */,
				1B740F991C06A2FC0082BC4C /* Extensions.swift */,
				1BC1B2C31C3D71B400FF17C6 /* GroupGeneration.swift */,
				1BC1B2BF1C3D702D00FF17C6 /* LocationTable.swift */,
				1BDD539E1B7162620054445B /* DynamicProgramming.swift */,
			);
			name = Algorithms;
			sourceTree = "<group>";
		};
		1BDBD0501B5C21370057B710 = {
			isa = PBXGroup;
			children = (
				1BDBD05B1B5C21370057B710 /* CircleLimit */,
				1BDBD0741B5C21370057B710 /* CircleLimitTests */,
				1BDBD05A1B5C21370057B710 /* Products */,
				86D1AEDF03819845CE0E38C1 /* Pods */,
				EE48F9D48C3D8ED2866C75CD /* Frameworks */,
			);
			sourceTree = "<group>";
		};
		1BDBD05A1B5C21370057B710 /* Products */ = {
			isa = PBXGroup;
			children = (
				1BDBD0591B5C21370057B710 /* CircleLimitClassic.app */,
				1BDBD0711B5C21370057B710 /* CircleLimitClassicTests.xctest */,
			);
			name = Products;
			sourceTree = "<group>";
		};
		1BDBD05B1B5C21370057B710 /* CircleLimit */ = {
			isa = PBXGroup;
			children = (
				90C3DFFE20CAD74B00CD73ED /* GalleryViewController.swift */,
				1BE3632121559D1600FA59A9 /* Examples.swift */,
				90A598502139D5450031A743 /* Bolts.framework */,
				90A598512139D5470031A743 /* FBSDKCoreKit.framework */,
				90A598532139D5480031A743 /* FBSDKLoginKit.framework */,
				90A598522139D5480031A743 /* FBSDKShareKit.framework */,
				907208B320BCD7690069468E /* HelpViewController.swift */,
				1BDBD0651B5C21370057B710 /* Main.storyboard */,
				1BDBD08E1B5C43590057B710 /* PoincareView.swift */,
				1BDBD0811B5C21BE0057B710 /* CircleViewController.swift */,
				9088782F20CA0C5700F3C36A /* FileMaster.swift */,
				1B6EB4761CAD78D900B08F09 /* Geometry */,
				1B6EB4781CAD798600B08F09 /* Algorithms */,
				1B6EB4711CAD718A00B08F09 /* HDrawable */,
				1B5979D91CBB17A400CEAEA7 /* ColorStudent */,
				1BDBD05C1B5C21370057B710 /* Supporting Files */,
			);
			path = CircleLimit;
			sourceTree = "<group>";
		};
		1BDBD05C1B5C21370057B710 /* Supporting Files */ = {
			isa = PBXGroup;
			children = (
				1BDBD06A1B5C21370057B710 /* LaunchScreen.xib */,
				1BDBD0601B5C21370057B710 /* CircleLimit.xcdatamodeld */,
				1BDBD05E1B5C21370057B710 /* AppDelegate.swift */,
				1BDBD05D1B5C21370057B710 /* Info.plist */,
			);
			name = "Supporting Files";
			sourceTree = "<group>";
		};
		1BDBD0741B5C21370057B710 /* CircleLimitTests */ = {
			isa = PBXGroup;
			children = (
				1BDBD0771B5C21370057B710 /* CircleLimitTests.swift */,
				1BDBD0751B5C21370057B710 /* Supporting Files */,
			);
			path = CircleLimitTests;
			sourceTree = "<group>";
		};
		1BDBD0751B5C21370057B710 /* Supporting Files */ = {
			isa = PBXGroup;
			children = (
				1BDBD0761B5C21370057B710 /* Info.plist */,
			);
			name = "Supporting Files";
			sourceTree = "<group>";
		};
		86D1AEDF03819845CE0E38C1 /* Pods */ = {
			isa = PBXGroup;
			children = (
				441D7C8C14401C5FFFA2D8C9 /* Pods-CircleLimitClassic.debug.xcconfig */,
				16AB4B36D0D6274771AC31FB /* Pods-CircleLimitClassic.release.xcconfig */,
				D5FEAAE93649B833B82C7AF1 /* Pods-CircleLimitClassicTests.debug.xcconfig */,
				0DF9FA8F1A7716BC258F078A /* Pods-CircleLimitClassicTests.release.xcconfig */,
			);
			name = Pods;
			sourceTree = "<group>";
		};
		EE48F9D48C3D8ED2866C75CD /* Frameworks */ = {
			isa = PBXGroup;
			children = (
				63866ED85587F182F36F6FFA /* Pods_CircleLimitClassic.framework */,
				AEA97C06FA3C7A7C03893B1D /* Pods_CircleLimitClassicTests.framework */,
			);
			name = Frameworks;
			sourceTree = "<group>";
		};
/* End PBXGroup section */

/* Begin PBXNativeTarget section */
		1BDBD0581B5C21370057B710 /* CircleLimitClassic */ = {
			isa = PBXNativeTarget;
			buildConfigurationList = 1BDBD07B1B5C21370057B710 /* Build configuration list for PBXNativeTarget "CircleLimitClassic" */;
			buildPhases = (
				1C3201B7256D3E9353EE4F6C /* [CP] Check Pods Manifest.lock */,
				1BDBD0551B5C21370057B710 /* Sources */,
				1BDBD0561B5C21370057B710 /* Frameworks */,
				1BDBD0571B5C21370057B710 /* Resources */,
				3424111A7C410101A16FAEFC /* [CP] Embed Pods Frameworks */,
			);
			buildRules = (
			);
			dependencies = (
			);
			name = CircleLimitClassic;
			productName = CircleLimit;
			productReference = 1BDBD0591B5C21370057B710 /* CircleLimitClassic.app */;
			productType = "com.apple.product-type.application";
		};
		1BDBD0701B5C21370057B710 /* CircleLimitClassicTests */ = {
			isa = PBXNativeTarget;
			buildConfigurationList = 1BDBD07E1B5C21370057B710 /* Build configuration list for PBXNativeTarget "CircleLimitClassicTests" */;
			buildPhases = (
				DBB7798284CA3324276901AC /* [CP] Check Pods Manifest.lock */,
				1BDBD06D1B5C21370057B710 /* Sources */,
				1BDBD06E1B5C21370057B710 /* Frameworks */,
				1BDBD06F1B5C21370057B710 /* Resources */,
			);
			buildRules = (
			);
			dependencies = (
				1BDBD0731B5C21370057B710 /* PBXTargetDependency */,
			);
			name = CircleLimitClassicTests;
			productName = CircleLimitTests;
			productReference = 1BDBD0711B5C21370057B710 /* CircleLimitClassicTests.xctest */;
			productType = "com.apple.product-type.bundle.unit-test";
		};
/* End PBXNativeTarget section */

/* Begin PBXProject section */
		1BDBD0511B5C21370057B710 /* Project object */ = {
			isa = PBXProject;
			attributes = {
				LastSwiftMigration = 0700;
				LastSwiftUpdateCheck = 0700;
				LastUpgradeCheck = 0930;
				ORGANIZATIONNAME = "Jeremy Kahn";
				TargetAttributes = {
					1BDBD0581B5C21370057B710 = {
						CreatedOnToolsVersion = 6.4;
						DevelopmentTeam = ZAM623LJPU;
						LastSwiftMigration = 0930;
					};
					1BDBD0701B5C21370057B710 = {
						CreatedOnToolsVersion = 6.4;
						LastSwiftMigration = 0930;
						TestTargetID = 1BDBD0581B5C21370057B710;
					};
				};
			};
			buildConfigurationList = 1BDBD0541B5C21370057B710 /* Build configuration list for PBXProject "CircleLimitClassic" */;
			compatibilityVersion = "Xcode 8.0";
			developmentRegion = English;
			hasScannedForEncodings = 0;
			knownRegions = (
				en,
				Base,
			);
			mainGroup = 1BDBD0501B5C21370057B710;
			productRefGroup = 1BDBD05A1B5C21370057B710 /* Products */;
			projectDirPath = "";
			projectRoot = "";
			targets = (
				1BDBD0581B5C21370057B710 /* CircleLimitClassic */,
				1BDBD0701B5C21370057B710 /* CircleLimitClassicTests */,
			);
		};
/* End PBXProject section */

/* Begin PBXResourcesBuildPhase section */
		1BDBD0571B5C21370057B710 /* Resources */ = {
			isa = PBXResourcesBuildPhase;
			buildActionMask = 2147483647;
			files = (
				1BDBD0671B5C21370057B710 /* Main.storyboard in Resources */,
				1BDBD06C1B5C21370057B710 /* LaunchScreen.xib in Resources */,
				1B5979EF1CBB17A400CEAEA7 /* ColorPicker.storyboard in Resources */,
				1BDBD0691B5C21370057B710 /* Images.xcassets in Resources */,
			);
			runOnlyForDeploymentPostprocessing = 0;
		};
		1BDBD06F1B5C21370057B710 /* Resources */ = {
			isa = PBXResourcesBuildPhase;
			buildActionMask = 2147483647;
			files = (
			);
			runOnlyForDeploymentPostprocessing = 0;
		};
/* End PBXResourcesBuildPhase section */

/* Begin PBXShellScriptBuildPhase section */
		1C3201B7256D3E9353EE4F6C /* [CP] Check Pods Manifest.lock */ = {
			isa = PBXShellScriptBuildPhase;
			buildActionMask = 2147483647;
			files = (
			);
			inputPaths = (
				"${PODS_PODFILE_DIR_PATH}/Podfile.lock",
				"${PODS_ROOT}/Manifest.lock",
			);
			name = "[CP] Check Pods Manifest.lock";
			outputPaths = (
				"$(DERIVED_FILE_DIR)/Pods-CircleLimitClassic-checkManifestLockResult.txt",
			);
			runOnlyForDeploymentPostprocessing = 0;
			shellPath = /bin/sh;
			shellScript = "diff \"${PODS_PODFILE_DIR_PATH}/Podfile.lock\" \"${PODS_ROOT}/Manifest.lock\" > /dev/null\nif [ $? != 0 ] ; then\n    # print error to STDERR\n    echo \"error: The sandbox is not in sync with the Podfile.lock. Run 'pod install' or update your CocoaPods installation.\" >&2\n    exit 1\nfi\n# This output is used by Xcode 'outputs' to avoid re-running this script phase.\necho \"SUCCESS\" > \"${SCRIPT_OUTPUT_FILE_0}\"\n";
			showEnvVarsInLog = 0;
		};
		3424111A7C410101A16FAEFC /* [CP] Embed Pods Frameworks */ = {
			isa = PBXShellScriptBuildPhase;
			buildActionMask = 2147483647;
			files = (
			);
			inputPaths = (
				"${SRCROOT}/Pods/Target Support Files/Pods-CircleLimitClassic/Pods-CircleLimitClassic-frameworks.sh",
				"${BUILT_PRODUCTS_DIR}/Bolts/Bolts.framework",
				"${BUILT_PRODUCTS_DIR}/FBSDKCoreKit/FBSDKCoreKit.framework",
				"${BUILT_PRODUCTS_DIR}/FBSDKLoginKit/FBSDKLoginKit.framework",
				"${BUILT_PRODUCTS_DIR}/FBSDKShareKit/FBSDKShareKit.framework",
				"${BUILT_PRODUCTS_DIR}/FacebookCore/FacebookCore.framework",
				"${BUILT_PRODUCTS_DIR}/FacebookLogin/FacebookLogin.framework",
				"${BUILT_PRODUCTS_DIR}/FacebookShare/FacebookShare.framework",
			);
			name = "[CP] Embed Pods Frameworks";
			outputPaths = (
				"${TARGET_BUILD_DIR}/${FRAMEWORKS_FOLDER_PATH}/Bolts.framework",
				"${TARGET_BUILD_DIR}/${FRAMEWORKS_FOLDER_PATH}/FBSDKCoreKit.framework",
				"${TARGET_BUILD_DIR}/${FRAMEWORKS_FOLDER_PATH}/FBSDKLoginKit.framework",
				"${TARGET_BUILD_DIR}/${FRAMEWORKS_FOLDER_PATH}/FBSDKShareKit.framework",
				"${TARGET_BUILD_DIR}/${FRAMEWORKS_FOLDER_PATH}/FacebookCore.framework",
				"${TARGET_BUILD_DIR}/${FRAMEWORKS_FOLDER_PATH}/FacebookLogin.framework",
				"${TARGET_BUILD_DIR}/${FRAMEWORKS_FOLDER_PATH}/FacebookShare.framework",
			);
			runOnlyForDeploymentPostprocessing = 0;
			shellPath = /bin/sh;
			shellScript = "\"${SRCROOT}/Pods/Target Support Files/Pods-CircleLimitClassic/Pods-CircleLimitClassic-frameworks.sh\"\n";
			showEnvVarsInLog = 0;
		};
		DBB7798284CA3324276901AC /* [CP] Check Pods Manifest.lock */ = {
			isa = PBXShellScriptBuildPhase;
			buildActionMask = 2147483647;
			files = (
			);
			inputPaths = (
				"${PODS_PODFILE_DIR_PATH}/Podfile.lock",
				"${PODS_ROOT}/Manifest.lock",
			);
			name = "[CP] Check Pods Manifest.lock";
			outputPaths = (
				"$(DERIVED_FILE_DIR)/Pods-CircleLimitClassicTests-checkManifestLockResult.txt",
			);
			runOnlyForDeploymentPostprocessing = 0;
			shellPath = /bin/sh;
			shellScript = "diff \"${PODS_PODFILE_DIR_PATH}/Podfile.lock\" \"${PODS_ROOT}/Manifest.lock\" > /dev/null\nif [ $? != 0 ] ; then\n    # print error to STDERR\n    echo \"error: The sandbox is not in sync with the Podfile.lock. Run 'pod install' or update your CocoaPods installation.\" >&2\n    exit 1\nfi\n# This output is used by Xcode 'outputs' to avoid re-running this script phase.\necho \"SUCCESS\" > \"${SCRIPT_OUTPUT_FILE_0}\"\n";
			showEnvVarsInLog = 0;
		};
/* End PBXShellScriptBuildPhase section */

/* Begin PBXSourcesBuildPhase section */
		1BDBD0551B5C21370057B710 /* Sources */ = {
			isa = PBXSourcesBuildPhase;
			buildActionMask = 2147483647;
			files = (
				1BDBD05F1B5C21370057B710 /* AppDelegate.swift in Sources */,
				1B5979F21CBB17A400CEAEA7 /* ColorProtocols.swift in Sources */,
				1B6EB4731CAD724900B08F09 /* HyperbolicPolygon.swift in Sources */,
				1BC1B2C41C3D71B400FF17C6 /* GroupGeneration.swift in Sources */,
				1BC1B2C21C3D713300FF17C6 /* HyperbolicTransformation.swift in Sources */,
				90C3DFFF20CAD74B00CD73ED /* GalleryViewController.swift in Sources */,
				1B5979FB1CBB17A400CEAEA7 /* TriangleView.swift in Sources */,
				1B6EB4751CAD727700B08F09 /* HDrawable.swift in Sources */,
				1B5979F11CBB17A400CEAEA7 /* ColorExtensions.swift in Sources */,
				1BC1B2C01C3D702D00FF17C6 /* LocationTable.swift in Sources */,
				1B6EB46E1CAD711D00B08F09 /* HyperbolicDot.swift in Sources */,
				1BDD539F1B7162620054445B /* DynamicProgramming.swift in Sources */,
				1BA2D5B31CA1E1C90036ACCD /* CenterPoint.swift in Sources */,
				1B5979F91CBB17A400CEAEA7 /* LightnessGradientView.swift in Sources */,
				1BDBD08F1B5C43590057B710 /* PoincareView.swift in Sources */,
				1B740F9A1C06A2FC0082BC4C /* Extensions.swift in Sources */,
				1BE3632221559D1600FA59A9 /* Examples.swift in Sources */,
				1BDBD0821B5C21BE0057B710 /* CircleViewController.swift in Sources */,
				1B6EB4701CAD716D00B08F09 /* HyperbolicPolyline.swift in Sources */,
				1BDBD0841B5C22740057B710 /* PoincareDisk.swift in Sources */,
				1B5979F61CBB17A400CEAEA7 /* GradientColorTriangle.swift in Sources */,
				1BDBD08A1B5C2BEA0057B710 /* Complex.swift in Sources */,
				9088783020CA0C5700F3C36A /* FileMaster.swift in Sources */,
				1B5979FC1CBB17A400CEAEA7 /* TriangleViewController.swift in Sources */,
				9088782E20C9D30800F3C36A /* ColorInfo.swift in Sources */,
				907208B420BCD7690069468E /* HelpViewController.swift in Sources */,
				1BDBD0621B5C21370057B710 /* CircleLimit.xcdatamodeld in Sources */,
			);
			runOnlyForDeploymentPostprocessing = 0;
		};
		1BDBD06D1B5C21370057B710 /* Sources */ = {
			isa = PBXSourcesBuildPhase;
			buildActionMask = 2147483647;
			files = (
				1BDBD0781B5C21370057B710 /* CircleLimitTests.swift in Sources */,
			);
			runOnlyForDeploymentPostprocessing = 0;
		};
/* End PBXSourcesBuildPhase section */

/* Begin PBXTargetDependency section */
		1BDBD0731B5C21370057B710 /* PBXTargetDependency */ = {
			isa = PBXTargetDependency;
			target = 1BDBD0581B5C21370057B710 /* CircleLimitClassic */;
			targetProxy = 1BDBD0721B5C21370057B710 /* PBXContainerItemProxy */;
		};
/* End PBXTargetDependency section */

/* Begin PBXVariantGroup section */
		1B5979DC1CBB17A400CEAEA7 /* ColorPicker.storyboard */ = {
			isa = PBXVariantGroup;
			children = (
				1B5979DD1CBB17A400CEAEA7 /* Base */,
			);
			name = ColorPicker.storyboard;
			sourceTree = "<group>";
		};
		1BDBD0651B5C21370057B710 /* Main.storyboard */ = {
			isa = PBXVariantGroup;
			children = (
				1BDBD0661B5C21370057B710 /* Base */,
			);
			name = Main.storyboard;
			sourceTree = "<group>";
		};
		1BDBD06A1B5C21370057B710 /* LaunchScreen.xib */ = {
			isa = PBXVariantGroup;
			children = (
				1BDBD06B1B5C21370057B710 /* Base */,
			);
			name = LaunchScreen.xib;
			sourceTree = "<group>";
		};
/* End PBXVariantGroup section */

/* Begin XCBuildConfiguration section */
		1BDBD0791B5C21370057B710 /* Debug */ = {
			isa = XCBuildConfiguration;
			buildSettings = {
				ALWAYS_SEARCH_USER_PATHS = NO;
				CLANG_CXX_LANGUAGE_STANDARD = "gnu++0x";
				CLANG_CXX_LIBRARY = "libc++";
				CLANG_ENABLE_MODULES = YES;
				CLANG_ENABLE_OBJC_ARC = YES;
				CLANG_WARN_BLOCK_CAPTURE_AUTORELEASING = YES;
				CLANG_WARN_BOOL_CONVERSION = YES;
				CLANG_WARN_COMMA = YES;
				CLANG_WARN_CONSTANT_CONVERSION = YES;
				CLANG_WARN_DEPRECATED_OBJC_IMPLEMENTATIONS = YES;
				CLANG_WARN_DIRECT_OBJC_ISA_USAGE = YES_ERROR;
				CLANG_WARN_EMPTY_BODY = YES;
				CLANG_WARN_ENUM_CONVERSION = YES;
				CLANG_WARN_INFINITE_RECURSION = YES;
				CLANG_WARN_INT_CONVERSION = YES;
				CLANG_WARN_NON_LITERAL_NULL_CONVERSION = YES;
				CLANG_WARN_OBJC_IMPLICIT_RETAIN_SELF = YES;
				CLANG_WARN_OBJC_LITERAL_CONVERSION = YES;
				CLANG_WARN_OBJC_ROOT_CLASS = YES_ERROR;
				CLANG_WARN_RANGE_LOOP_ANALYSIS = YES;
				CLANG_WARN_STRICT_PROTOTYPES = YES;
				CLANG_WARN_SUSPICIOUS_MOVE = YES;
				CLANG_WARN_UNREACHABLE_CODE = YES;
				CLANG_WARN__DUPLICATE_METHOD_MATCH = YES;
				"CODE_SIGN_IDENTITY[sdk=iphoneos*]" = "iPhone Developer";
				COPY_PHASE_STRIP = NO;
				DEBUG_INFORMATION_FORMAT = "dwarf-with-dsym";
				ENABLE_STRICT_OBJC_MSGSEND = YES;
				ENABLE_TESTABILITY = YES;
				GCC_C_LANGUAGE_STANDARD = gnu99;
				GCC_DYNAMIC_NO_PIC = NO;
				GCC_NO_COMMON_BLOCKS = YES;
				GCC_OPTIMIZATION_LEVEL = 0;
				GCC_PREPROCESSOR_DEFINITIONS = (
					"DEBUG=1",
					"$(inherited)",
				);
				GCC_SYMBOLS_PRIVATE_EXTERN = NO;
				GCC_WARN_64_TO_32_BIT_CONVERSION = YES;
				GCC_WARN_ABOUT_RETURN_TYPE = YES_ERROR;
				GCC_WARN_UNDECLARED_SELECTOR = YES;
				GCC_WARN_UNINITIALIZED_AUTOS = YES_AGGRESSIVE;
				GCC_WARN_UNUSED_FUNCTION = YES;
				GCC_WARN_UNUSED_VARIABLE = YES;
				IPHONEOS_DEPLOYMENT_TARGET = 11.4;
				MTL_ENABLE_DEBUG_INFO = YES;
				ONLY_ACTIVE_ARCH = YES;
				SDKROOT = iphoneos;
				SWIFT_OPTIMIZATION_LEVEL = "-Onone";
			};
			name = Debug;
		};
		1BDBD07A1B5C21370057B710 /* Release */ = {
			isa = XCBuildConfiguration;
			buildSettings = {
				ALWAYS_SEARCH_USER_PATHS = NO;
				CLANG_CXX_LANGUAGE_STANDARD = "gnu++0x";
				CLANG_CXX_LIBRARY = "libc++";
				CLANG_ENABLE_MODULES = YES;
				CLANG_ENABLE_OBJC_ARC = YES;
				CLANG_WARN_BLOCK_CAPTURE_AUTORELEASING = YES;
				CLANG_WARN_BOOL_CONVERSION = YES;
				CLANG_WARN_COMMA = YES;
				CLANG_WARN_CONSTANT_CONVERSION = YES;
				CLANG_WARN_DEPRECATED_OBJC_IMPLEMENTATIONS = YES;
				CLANG_WARN_DIRECT_OBJC_ISA_USAGE = YES_ERROR;
				CLANG_WARN_EMPTY_BODY = YES;
				CLANG_WARN_ENUM_CONVERSION = YES;
				CLANG_WARN_INFINITE_RECURSION = YES;
				CLANG_WARN_INT_CONVERSION = YES;
				CLANG_WARN_NON_LITERAL_NULL_CONVERSION = YES;
				CLANG_WARN_OBJC_IMPLICIT_RETAIN_SELF = YES;
				CLANG_WARN_OBJC_LITERAL_CONVERSION = YES;
				CLANG_WARN_OBJC_ROOT_CLASS = YES_ERROR;
				CLANG_WARN_RANGE_LOOP_ANALYSIS = YES;
				CLANG_WARN_STRICT_PROTOTYPES = YES;
				CLANG_WARN_SUSPICIOUS_MOVE = YES;
				CLANG_WARN_UNREACHABLE_CODE = YES;
				CLANG_WARN__DUPLICATE_METHOD_MATCH = YES;
				"CODE_SIGN_IDENTITY[sdk=iphoneos*]" = "iPhone Developer";
				COPY_PHASE_STRIP = NO;
				DEBUG_INFORMATION_FORMAT = "dwarf-with-dsym";
				ENABLE_NS_ASSERTIONS = NO;
				ENABLE_STRICT_OBJC_MSGSEND = YES;
				GCC_C_LANGUAGE_STANDARD = gnu99;
				GCC_NO_COMMON_BLOCKS = YES;
				GCC_WARN_64_TO_32_BIT_CONVERSION = YES;
				GCC_WARN_ABOUT_RETURN_TYPE = YES_ERROR;
				GCC_WARN_UNDECLARED_SELECTOR = YES;
				GCC_WARN_UNINITIALIZED_AUTOS = YES_AGGRESSIVE;
				GCC_WARN_UNUSED_FUNCTION = YES;
				GCC_WARN_UNUSED_VARIABLE = YES;
				IPHONEOS_DEPLOYMENT_TARGET = 11.4;
				MTL_ENABLE_DEBUG_INFO = NO;
				SDKROOT = iphoneos;
				SWIFT_OPTIMIZATION_LEVEL = "-Owholemodule";
				VALIDATE_PRODUCT = YES;
			};
			name = Release;
		};
		1BDBD07C1B5C21370057B710 /* Debug */ = {
			isa = XCBuildConfiguration;
			baseConfigurationReference = 441D7C8C14401C5FFFA2D8C9 /* Pods-CircleLimitClassic.debug.xcconfig */;
			buildSettings = {
				ASSETCATALOG_COMPILER_APPICON_NAME = "Blown-up-crosses";
				CODE_SIGN_IDENTITY = "iPhone Developer";
				"CODE_SIGN_IDENTITY[sdk=iphoneos*]" = "iPhone Developer";
				DEVELOPMENT_TEAM = ZAM623LJPU;
				FRAMEWORK_SEARCH_PATHS = (
					"$(inherited)",
					"$(PROJECT_DIR)/CircleLimit",
				);
				INFOPLIST_FILE = CircleLimit/Info.plist;
				IPHONEOS_DEPLOYMENT_TARGET = 11.4;
				LD_RUNPATH_SEARCH_PATHS = "$(inherited) @executable_path/Frameworks";
				PRODUCT_BUNDLE_IDENTIFIER = edu.cuny.gc.jkahn.CircleLimitClassic;
				PRODUCT_NAME = "$(TARGET_NAME)";
				PROVISIONING_PROFILE = "";
				SWIFT_SWIFT3_OBJC_INFERENCE = On;
				SWIFT_VERSION = 4.0;
				TARGETED_DEVICE_FAMILY = 1;
			};
			name = Debug;
		};
		1BDBD07D1B5C21370057B710 /* Release */ = {
			isa = XCBuildConfiguration;
			baseConfigurationReference = 16AB4B36D0D6274771AC31FB /* Pods-CircleLimitClassic.release.xcconfig */;
			buildSettings = {
				ASSETCATALOG_COMPILER_APPICON_NAME = "Blown-up-crosses";
				CODE_SIGN_IDENTITY = "iPhone Developer";
				"CODE_SIGN_IDENTITY[sdk=iphoneos*]" = "iPhone Developer";
				DEVELOPMENT_TEAM = ZAM623LJPU;
				FRAMEWORK_SEARCH_PATHS = (
					"$(inherited)",
					"$(PROJECT_DIR)/CircleLimit",
				);
				INFOPLIST_FILE = CircleLimit/Info.plist;
				IPHONEOS_DEPLOYMENT_TARGET = 11.4;
				LD_RUNPATH_SEARCH_PATHS = "$(inherited) @executable_path/Frameworks";
				PRODUCT_BUNDLE_IDENTIFIER = edu.cuny.gc.jkahn.CircleLimitClassic;
				PRODUCT_NAME = "$(TARGET_NAME)";
				PROVISIONING_PROFILE = "";
				SWIFT_SWIFT3_OBJC_INFERENCE = On;
				SWIFT_VERSION = 4.0;
				TARGETED_DEVICE_FAMILY = 1;
			};
			name = Release;
		};
		1BDBD07F1B5C21370057B710 /* Debug */ = {
			isa = XCBuildConfiguration;
			baseConfigurationReference = D5FEAAE93649B833B82C7AF1 /* Pods-CircleLimitClassicTests.debug.xcconfig */;
			buildSettings = {
				BUNDLE_LOADER = "$(TEST_HOST)";
				GCC_PREPROCESSOR_DEFINITIONS = (
					"DEBUG=1",
					"$(inherited)",
				);
				INFOPLIST_FILE = CircleLimitTests/Info.plist;
				IPHONEOS_DEPLOYMENT_TARGET = 8.2;
				LD_RUNPATH_SEARCH_PATHS = "$(inherited) @executable_path/Frameworks @loader_path/Frameworks";
				PRODUCT_BUNDLE_IDENTIFIER = "edu.cuny.gc.jkahn.$(PRODUCT_NAME:rfc1034identifier)";
				PRODUCT_NAME = "$(TARGET_NAME)";
				SWIFT_SWIFT3_OBJC_INFERENCE = On;
				SWIFT_VERSION = 4.0;
				TEST_HOST = "$(BUILT_PRODUCTS_DIR)/CircleLimitClassic.app/CircleLimitClassic";
			};
			name = Debug;
		};
		1BDBD0801B5C21370057B710 /* Release */ = {
			isa = XCBuildConfiguration;
			baseConfigurationReference = 0DF9FA8F1A7716BC258F078A /* Pods-CircleLimitClassicTests.release.xcconfig */;
			buildSettings = {
				BUNDLE_LOADER = "$(TEST_HOST)";
				INFOPLIST_FILE = CircleLimitTests/Info.plist;
				IPHONEOS_DEPLOYMENT_TARGET = 8.2;
				LD_RUNPATH_SEARCH_PATHS = "$(inherited) @executable_path/Frameworks @loader_path/Frameworks";
				PRODUCT_BUNDLE_IDENTIFIER = "edu.cuny.gc.jkahn.$(PRODUCT_NAME:rfc1034identifier)";
				PRODUCT_NAME = "$(TARGET_NAME)";
				SWIFT_SWIFT3_OBJC_INFERENCE = On;
				SWIFT_VERSION = 4.0;
				TEST_HOST = "$(BUILT_PRODUCTS_DIR)/CircleLimitClassic.app/CircleLimitClassic";
			};
			name = Release;
		};
/* End XCBuildConfiguration section */

/* Begin XCConfigurationList section */
		1BDBD0541B5C21370057B710 /* Build configuration list for PBXProject "CircleLimitClassic" */ = {
			isa = XCConfigurationList;
			buildConfigurations = (
				1BDBD0791B5C21370057B710 /* Debug */,
				1BDBD07A1B5C21370057B710 /* Release */,
			);
			defaultConfigurationIsVisible = 0;
			defaultConfigurationName = Release;
		};
		1BDBD07B1B5C21370057B710 /* Build configuration list for PBXNativeTarget "CircleLimitClassic" */ = {
			isa = XCConfigurationList;
			buildConfigurations = (
				1BDBD07C1B5C21370057B710 /* Debug */,
				1BDBD07D1B5C21370057B710 /* Release */,
			);
			defaultConfigurationIsVisible = 0;
			defaultConfigurationName = Release;
		};
		1BDBD07E1B5C21370057B710 /* Build configuration list for PBXNativeTarget "CircleLimitClassicTests" */ = {
			isa = XCConfigurationList;
			buildConfigurations = (
				1BDBD07F1B5C21370057B710 /* Debug */,
				1BDBD0801B5C21370057B710 /* Release */,
			);
			defaultConfigurationIsVisible = 0;
			defaultConfigurationName = Release;
		};
/* End XCConfigurationList section */

/* Begin XCVersionGroup section */
		1BDBD0601B5C21370057B710 /* CircleLimit.xcdatamodeld */ = {
			isa = XCVersionGroup;
			children = (
				1BDBD0611B5C21370057B710 /* CircleLimit.xcdatamodel */,
			);
			currentVersion = 1BDBD0611B5C21370057B710 /* CircleLimit.xcdatamodel */;
			path = CircleLimit.xcdatamodeld;
			sourceTree = "<group>";
			versionGroupType = wrapper.xcdatamodel;
		};
/* End XCVersionGroup section */
	};
	rootObject = 1BDBD0511B5C21370057B710 /* Project object */;
}
