// !$*UTF8*$!
{
	archiveVersion = 1;
	classes = {
	};
	objectVersion = 46;
	objects = {

/* Begin PBXBuildFile section */
		1B5979EF1CBB17A400CEAEA7 /* ColorPicker.storyboard in Resources */ = {isa = PBXBuildFile; fileRef = 1B5979DC1CBB17A400CEAEA7 /* ColorPicker.storyboard */; };
		1B5979F11CBB17A400CEAEA7 /* ColorExtensions.swift in Sources */ = {isa = PBXBuildFile; fileRef = 1B5979E01CBB17A400CEAEA7 /* ColorExtensions.swift */; };
		1B5979F21CBB17A400CEAEA7 /* ColorProtocols.swift in Sources */ = {isa = PBXBuildFile; fileRef = 1B5979E11CBB17A400CEAEA7 /* ColorProtocols.swift */; };
		1B5979F61CBB17A400CEAEA7 /* GradientColorTriangle.swift in Sources */ = {isa = PBXBuildFile; fileRef = 1B5979E61CBB17A400CEAEA7 /* GradientColorTriangle.swift */; };
		1B5979F91CBB17A400CEAEA7 /* LightnessGradientView.swift in Sources */ = {isa = PBXBuildFile; fileRef = 1B5979E91CBB17A400CEAEA7 /* LightnessGradientView.swift */; };
		1B5979FB1CBB17A400CEAEA7 /* TriangleView.swift in Sources */ = {isa = PBXBuildFile; fileRef = 1B5979EB1CBB17A400CEAEA7 /* TriangleView.swift */; };
		1B5979FC1CBB17A400CEAEA7 /* TriangleViewController.swift in Sources */ = {isa = PBXBuildFile; fileRef = 1B5979EC1CBB17A400CEAEA7 /* TriangleViewController.swift */; };
		1B6EB46E1CAD711D00B08F09 /* HyperbolicDot.swift in Sources */ = {isa = PBXBuildFile; fileRef = 1B6EB46D1CAD711D00B08F09 /* HyperbolicDot.swift */; };
		1B6EB4701CAD716D00B08F09 /* HyperbolicPolyline.swift in Sources */ = {isa = PBXBuildFile; fileRef = 1B6EB46F1CAD716D00B08F09 /* HyperbolicPolyline.swift */; };
		1B6EB4731CAD724900B08F09 /* HyperbolicPolygon.swift in Sources */ = {isa = PBXBuildFile; fileRef = 1B6EB4721CAD724900B08F09 /* HyperbolicPolygon.swift */; };
		1B6EB4751CAD727700B08F09 /* HDrawable.swift in Sources */ = {isa = PBXBuildFile; fileRef = 1B6EB4741CAD727700B08F09 /* HDrawable.swift */; };
		1B740F9A1C06A2FC0082BC4C /* Extensions.swift in Sources */ = {isa = PBXBuildFile; fileRef = 1B740F991C06A2FC0082BC4C /* Extensions.swift */; };
		1BA2D5B31CA1E1C90036ACCD /* CenterPoint.swift in Sources */ = {isa = PBXBuildFile; fileRef = 1BA2D5B21CA1E1C90036ACCD /* CenterPoint.swift */; };
		1BC1B2C01C3D702D00FF17C6 /* LocationTable.swift in Sources */ = {isa = PBXBuildFile; fileRef = 1BC1B2BF1C3D702D00FF17C6 /* LocationTable.swift */; };
		1BC1B2C21C3D713300FF17C6 /* HyperbolicTransformation.swift in Sources */ = {isa = PBXBuildFile; fileRef = 1BC1B2C11C3D713300FF17C6 /* HyperbolicTransformation.swift */; };
		1BC1B2C41C3D71B400FF17C6 /* GroupGeneration.swift in Sources */ = {isa = PBXBuildFile; fileRef = 1BC1B2C31C3D71B400FF17C6 /* GroupGeneration.swift */; };
		1BDBD05F1B5C21370057B710 /* AppDelegate.swift in Sources */ = {isa = PBXBuildFile; fileRef = 1BDBD05E1B5C21370057B710 /* AppDelegate.swift */; };
		1BDBD0621B5C21370057B710 /* CircleLimit.xcdatamodeld in Sources */ = {isa = PBXBuildFile; fileRef = 1BDBD0601B5C21370057B710 /* CircleLimit.xcdatamodeld */; };
		1BDBD0671B5C21370057B710 /* Main.storyboard in Resources */ = {isa = PBXBuildFile; fileRef = 1BDBD0651B5C21370057B710 /* Main.storyboard */; };
		1BDBD0691B5C21370057B710 /* Images.xcassets in Resources */ = {isa = PBXBuildFile; fileRef = 1BDBD0681B5C21370057B710 /* Images.xcassets */; };
		1BDBD06C1B5C21370057B710 /* LaunchScreen.xib in Resources */ = {isa = PBXBuildFile; fileRef = 1BDBD06A1B5C21370057B710 /* LaunchScreen.xib */; };
		1BDBD0781B5C21370057B710 /* CircleLimitTests.swift in Sources */ = {isa = PBXBuildFile; fileRef = 1BDBD0771B5C21370057B710 /* CircleLimitTests.swift */; };
		1BDBD0821B5C21BE0057B710 /* CircleViewController.swift in Sources */ = {isa = PBXBuildFile; fileRef = 1BDBD0811B5C21BE0057B710 /* CircleViewController.swift */; };
		1BDBD0841B5C22740057B710 /* PoincareDisk.swift in Sources */ = {isa = PBXBuildFile; fileRef = 1BDBD0831B5C22740057B710 /* PoincareDisk.swift */; };
		1BDBD08A1B5C2BEA0057B710 /* Complex.swift in Sources */ = {isa = PBXBuildFile; fileRef = 1BDBD0891B5C2BEA0057B710 /* Complex.swift */; };
		1BDBD08F1B5C43590057B710 /* PoincareView.swift in Sources */ = {isa = PBXBuildFile; fileRef = 1BDBD08E1B5C43590057B710 /* PoincareView.swift */; };
		1BDD539F1B7162620054445B /* DynamicProgramming.swift in Sources */ = {isa = PBXBuildFile; fileRef = 1BDD539E1B7162620054445B /* DynamicProgramming.swift */; };
/* End PBXBuildFile section */

/* Begin PBXContainerItemProxy section */
		1BDBD0721B5C21370057B710 /* PBXContainerItemProxy */ = {
			isa = PBXContainerItemProxy;
			containerPortal = 1BDBD0511B5C21370057B710 /* Project object */;
			proxyType = 1;
			remoteGlobalIDString = 1BDBD0581B5C21370057B710;
			remoteInfo = CircleLimit;
		};
/* End PBXContainerItemProxy section */

/* Begin PBXFileReference section */
		1B5979DD1CBB17A400CEAEA7 /* Base */ = {isa = PBXFileReference; lastKnownFileType = file.storyboard; name = Base; path = Base.lproj/ColorPicker.storyboard; sourceTree = "<group>"; };
		1B5979E01CBB17A400CEAEA7 /* ColorExtensions.swift */ = {isa = PBXFileReference; fileEncoding = 4; lastKnownFileType = sourcecode.swift; path = ColorExtensions.swift; sourceTree = "<group>"; };
		1B5979E11CBB17A400CEAEA7 /* ColorProtocols.swift */ = {isa = PBXFileReference; fileEncoding = 4; lastKnownFileType = sourcecode.swift; path = ColorProtocols.swift; sourceTree = "<group>"; };
		1B5979E61CBB17A400CEAEA7 /* GradientColorTriangle.swift */ = {isa = PBXFileReference; fileEncoding = 4; lastKnownFileType = sourcecode.swift; path = GradientColorTriangle.swift; sourceTree = "<group>"; };
		1B5979E91CBB17A400CEAEA7 /* LightnessGradientView.swift */ = {isa = PBXFileReference; fileEncoding = 4; lastKnownFileType = sourcecode.swift; path = LightnessGradientView.swift; sourceTree = "<group>"; };
		1B5979EB1CBB17A400CEAEA7 /* TriangleView.swift */ = {isa = PBXFileReference; fileEncoding = 4; lastKnownFileType = sourcecode.swift; path = TriangleView.swift; sourceTree = "<group>"; };
		1B5979EC1CBB17A400CEAEA7 /* TriangleViewController.swift */ = {isa = PBXFileReference; fileEncoding = 4; lastKnownFileType = sourcecode.swift; path = TriangleViewController.swift; sourceTree = "<group>"; };
		1B6EB46D1CAD711D00B08F09 /* HyperbolicDot.swift */ = {isa = PBXFileReference; fileEncoding = 4; lastKnownFileType = sourcecode.swift; path = HyperbolicDot.swift; sourceTree = "<group>"; };
		1B6EB46F1CAD716D00B08F09 /* HyperbolicPolyline.swift */ = {isa = PBXFileReference; fileEncoding = 4; lastKnownFileType = sourcecode.swift; name = HyperbolicPolyline.swift; path = HDrawable/HyperbolicPolyline.swift; sourceTree = "<group>"; };
		1B6EB4721CAD724900B08F09 /* HyperbolicPolygon.swift */ = {isa = PBXFileReference; fileEncoding = 4; lastKnownFileType = sourcecode.swift; lineEnding = 0; path = HyperbolicPolygon.swift; sourceTree = "<group>"; xcLanguageSpecificationIdentifier = xcode.lang.swift; };
		1B6EB4741CAD727700B08F09 /* HDrawable.swift */ = {isa = PBXFileReference; fileEncoding = 4; lastKnownFileType = sourcecode.swift; path = HDrawable.swift; sourceTree = "<group>"; };
		1B740F991C06A2FC0082BC4C /* Extensions.swift */ = {isa = PBXFileReference; fileEncoding = 4; lastKnownFileType = sourcecode.swift; lineEnding = 0; path = Extensions.swift; sourceTree = "<group>"; xcLanguageSpecificationIdentifier = xcode.lang.swift; };
		1BA2D5B21CA1E1C90036ACCD /* CenterPoint.swift */ = {isa = PBXFileReference; fileEncoding = 4; lastKnownFileType = sourcecode.swift; lineEnding = 0; path = CenterPoint.swift; sourceTree = "<group>"; xcLanguageSpecificationIdentifier = xcode.lang.swift; };
		1BC1B2BF1C3D702D00FF17C6 /* LocationTable.swift */ = {isa = PBXFileReference; fileEncoding = 4; lastKnownFileType = sourcecode.swift; path = LocationTable.swift; sourceTree = "<group>"; };
		1BC1B2C11C3D713300FF17C6 /* HyperbolicTransformation.swift */ = {isa = PBXFileReference; fileEncoding = 4; lastKnownFileType = sourcecode.swift; path = HyperbolicTransformation.swift; sourceTree = "<group>"; };
		1BC1B2C31C3D71B400FF17C6 /* GroupGeneration.swift */ = {isa = PBXFileReference; fileEncoding = 4; lastKnownFileType = sourcecode.swift; path = GroupGeneration.swift; sourceTree = "<group>"; };
		1BDBD0591B5C21370057B710 /* CircleLimit.app */ = {isa = PBXFileReference; explicitFileType = wrapper.application; includeInIndex = 0; path = CircleLimit.app; sourceTree = BUILT_PRODUCTS_DIR; };
		1BDBD05D1B5C21370057B710 /* Info.plist */ = {isa = PBXFileReference; lastKnownFileType = text.plist.xml; path = Info.plist; sourceTree = "<group>"; };
		1BDBD05E1B5C21370057B710 /* AppDelegate.swift */ = {isa = PBXFileReference; lastKnownFileType = sourcecode.swift; path = AppDelegate.swift; sourceTree = "<group>"; };
		1BDBD0611B5C21370057B710 /* CircleLimit.xcdatamodel */ = {isa = PBXFileReference; lastKnownFileType = wrapper.xcdatamodel; path = CircleLimit.xcdatamodel; sourceTree = "<group>"; };
		1BDBD0661B5C21370057B710 /* Base */ = {isa = PBXFileReference; lastKnownFileType = file.storyboard; name = Base; path = Base.lproj/Main.storyboard; sourceTree = "<group>"; };
		1BDBD0681B5C21370057B710 /* Images.xcassets */ = {isa = PBXFileReference; lastKnownFileType = folder.assetcatalog; path = Images.xcassets; sourceTree = "<group>"; };
		1BDBD06B1B5C21370057B710 /* Base */ = {isa = PBXFileReference; lastKnownFileType = file.xib; name = Base; path = Base.lproj/LaunchScreen.xib; sourceTree = "<group>"; };
		1BDBD0711B5C21370057B710 /* CircleLimitTests.xctest */ = {isa = PBXFileReference; explicitFileType = wrapper.cfbundle; includeInIndex = 0; path = CircleLimitTests.xctest; sourceTree = BUILT_PRODUCTS_DIR; };
		1BDBD0761B5C21370057B710 /* Info.plist */ = {isa = PBXFileReference; lastKnownFileType = text.plist.xml; path = Info.plist; sourceTree = "<group>"; };
		1BDBD0771B5C21370057B710 /* CircleLimitTests.swift */ = {isa = PBXFileReference; lastKnownFileType = sourcecode.swift; path = CircleLimitTests.swift; sourceTree = "<group>"; };
		1BDBD0811B5C21BE0057B710 /* CircleViewController.swift */ = {isa = PBXFileReference; fileEncoding = 4; lastKnownFileType = sourcecode.swift; lineEnding = 0; path = CircleViewController.swift; sourceTree = "<group>"; xcLanguageSpecificationIdentifier = xcode.lang.swift; };
		1BDBD0831B5C22740057B710 /* PoincareDisk.swift */ = {isa = PBXFileReference; fileEncoding = 4; lastKnownFileType = sourcecode.swift; path = PoincareDisk.swift; sourceTree = "<group>"; };
		1BDBD0891B5C2BEA0057B710 /* Complex.swift */ = {isa = PBXFileReference; fileEncoding = 4; lastKnownFileType = sourcecode.swift; name = Complex.swift; path = ../Complex.swift; sourceTree = "<group>"; };
		1BDBD08E1B5C43590057B710 /* PoincareView.swift */ = {isa = PBXFileReference; fileEncoding = 4; lastKnownFileType = sourcecode.swift; name = PoincareView.swift; path = ../PoincareView.swift; sourceTree = "<group>"; };
		1BDD539E1B7162620054445B /* DynamicProgramming.swift */ = {isa = PBXFileReference; fileEncoding = 4; lastKnownFileType = sourcecode.swift; path = DynamicProgramming.swift; sourceTree = "<group>"; };
/* End PBXFileReference section */

/* Begin PBXFrameworksBuildPhase section */
		1BDBD0561B5C21370057B710 /* Frameworks */ = {
			isa = PBXFrameworksBuildPhase;
			buildActionMask = 2147483647;
			files = (
			);
			runOnlyForDeploymentPostprocessing = 0;
		};
		1BDBD06E1B5C21370057B710 /* Frameworks */ = {
			isa = PBXFrameworksBuildPhase;
			buildActionMask = 2147483647;
			files = (
			);
			runOnlyForDeploymentPostprocessing = 0;
		};
/* End PBXFrameworksBuildPhase section */

/* Begin PBXGroup section */
		1B5979D91CBB17A400CEAEA7 /* ColorStudent */ = {
			isa = PBXGroup;
			children = (
				1B5979DC1CBB17A400CEAEA7 /* ColorPicker.storyboard */,
				1B5979EC1CBB17A400CEAEA7 /* TriangleViewController.swift */,
				1B5979EB1CBB17A400CEAEA7 /* TriangleView.swift */,
				1B5979E91CBB17A400CEAEA7 /* LightnessGradientView.swift */,
				1B5979E61CBB17A400CEAEA7 /* GradientColorTriangle.swift */,
				1B5979E01CBB17A400CEAEA7 /* ColorExtensions.swift */,
				1B5979E11CBB17A400CEAEA7 /* ColorProtocols.swift */,
			);
			path = ColorStudent;
			sourceTree = "<group>";
		};
		1B6EB4711CAD718A00B08F09 /* HDrawable */ = {
			isa = PBXGroup;
			children = (
				1B6EB4741CAD727700B08F09 /* HDrawable.swift */,
				1B6EB46F1CAD716D00B08F09 /* HyperbolicPolyline.swift */,
				1B6EB4721CAD724900B08F09 /* HyperbolicPolygon.swift */,
				1B6EB46D1CAD711D00B08F09 /* HyperbolicDot.swift */,
			);
			name = HDrawable;
			sourceTree = "<group>";
		};
		1B6EB4761CAD78D900B08F09 /* Geometry */ = {
			isa = PBXGroup;
			children = (
				1BDBD0891B5C2BEA0057B710 /* Complex.swift */,
				1BDBD0831B5C22740057B710 /* PoincareDisk.swift */,
				1BC1B2C11C3D713300FF17C6 /* HyperbolicTransformation.swift */,
			);
			name = Geometry;
			sourceTree = "<group>";
		};
		1B6EB4781CAD798600B08F09 /* Algorithms */ = {
			isa = PBXGroup;
			children = (
				1BA2D5B21CA1E1C90036ACCD /* CenterPoint.swift */,
				1B740F991C06A2FC0082BC4C /* Extensions.swift */,
				1BC1B2C31C3D71B400FF17C6 /* GroupGeneration.swift */,
				1BC1B2BF1C3D702D00FF17C6 /* LocationTable.swift */,
				1BDD539E1B7162620054445B /* DynamicProgramming.swift */,
			);
			name = Algorithms;
			sourceTree = "<group>";
		};
		1BDBD0501B5C21370057B710 = {
			isa = PBXGroup;
			children = (
				1BDBD05B1B5C21370057B710 /* CircleLimit */,
				1BDBD0741B5C21370057B710 /* CircleLimitTests */,
				1BDBD05A1B5C21370057B710 /* Products */,
			);
			sourceTree = "<group>";
		};
		1BDBD05A1B5C21370057B710 /* Products */ = {
			isa = PBXGroup;
			children = (
				1BDBD0591B5C21370057B710 /* CircleLimit.app */,
				1BDBD0711B5C21370057B710 /* CircleLimitTests.xctest */,
			);
			name = Products;
			sourceTree = "<group>";
		};
		1BDBD05B1B5C21370057B710 /* CircleLimit */ = {
			isa = PBXGroup;
			children = (
				1BDBD0651B5C21370057B710 /* Main.storyboard */,
				1BDBD08E1B5C43590057B710 /* PoincareView.swift */,
				1BDBD0811B5C21BE0057B710 /* CircleViewController.swift */,
				1B6EB4761CAD78D900B08F09 /* Geometry */,
				1B6EB4781CAD798600B08F09 /* Algorithms */,
				1B6EB4711CAD718A00B08F09 /* HDrawable */,
				1B5979D91CBB17A400CEAEA7 /* ColorStudent */,
				1BDBD0681B5C21370057B710 /* Images.xcassets */,
				1BDBD05C1B5C21370057B710 /* Supporting Files */,
			);
			path = CircleLimit;
			sourceTree = "<group>";
		};
		1BDBD05C1B5C21370057B710 /* Supporting Files */ = {
			isa = PBXGroup;
			children = (
				1BDBD06A1B5C21370057B710 /* LaunchScreen.xib */,
				1BDBD0601B5C21370057B710 /* CircleLimit.xcdatamodeld */,
				1BDBD05E1B5C21370057B710 /* AppDelegate.swift */,
				1BDBD05D1B5C21370057B710 /* Info.plist */,
			);
			name = "Supporting Files";
			sourceTree = "<group>";
		};
		1BDBD0741B5C21370057B710 /* CircleLimitTests */ = {
			isa = PBXGroup;
			children = (
				1BDBD0771B5C21370057B710 /* CircleLimitTests.swift */,
				1BDBD0751B5C21370057B710 /* Supporting Files */,
			);
			path = CircleLimitTests;
			sourceTree = "<group>";
		};
		1BDBD0751B5C21370057B710 /* Supporting Files */ = {
			isa = PBXGroup;
			children = (
				1BDBD0761B5C21370057B710 /* Info.plist */,
			);
			name = "Supporting Files";
			sourceTree = "<group>";
		};
/* End PBXGroup section */

/* Begin PBXNativeTarget section */
		1BDBD0581B5C21370057B710 /* CircleLimit */ = {
			isa = PBXNativeTarget;
			buildConfigurationList = 1BDBD07B1B5C21370057B710 /* Build configuration list for PBXNativeTarget "CircleLimit" */;
			buildPhases = (
				1BDBD0551B5C21370057B710 /* Sources */,
				1BDBD0561B5C21370057B710 /* Frameworks */,
				1BDBD0571B5C21370057B710 /* Resources */,
			);
			buildRules = (
			);
			dependencies = (
			);
			name = CircleLimit;
			productName = CircleLimit;
			productReference = 1BDBD0591B5C21370057B710 /* CircleLimit.app */;
			productType = "com.apple.product-type.application";
		};
		1BDBD0701B5C21370057B710 /* CircleLimitTests */ = {
			isa = PBXNativeTarget;
			buildConfigurationList = 1BDBD07E1B5C21370057B710 /* Build configuration list for PBXNativeTarget "CircleLimitTests" */;
			buildPhases = (
				1BDBD06D1B5C21370057B710 /* Sources */,
				1BDBD06E1B5C21370057B710 /* Frameworks */,
				1BDBD06F1B5C21370057B710 /* Resources */,
			);
			buildRules = (
			);
			dependencies = (
				1BDBD0731B5C21370057B710 /* PBXTargetDependency */,
			);
			name = CircleLimitTests;
			productName = CircleLimitTests;
			productReference = 1BDBD0711B5C21370057B710 /* CircleLimitTests.xctest */;
			productType = "com.apple.product-type.bundle.unit-test";
		};
/* End PBXNativeTarget section */

/* Begin PBXProject section */
		1BDBD0511B5C21370057B710 /* Project object */ = {
			isa = PBXProject;
			attributes = {
				LastSwiftMigration = 0700;
				LastSwiftUpdateCheck = 0700;
				LastUpgradeCheck = 0700;
				ORGANIZATIONNAME = "Jeremy Kahn";
				TargetAttributes = {
					1BDBD0581B5C21370057B710 = {
						CreatedOnToolsVersion = 6.4;
						DevelopmentTeam = ZAM623LJPU;
					};
					1BDBD0701B5C21370057B710 = {
						CreatedOnToolsVersion = 6.4;
						TestTargetID = 1BDBD0581B5C21370057B710;
					};
				};
			};
			buildConfigurationList = 1BDBD0541B5C21370057B710 /* Build configuration list for PBXProject "CircleLimit" */;
			compatibilityVersion = "Xcode 3.2";
			developmentRegion = English;
			hasScannedForEncodings = 0;
			knownRegions = (
				en,
				Base,
			);
			mainGroup = 1BDBD0501B5C21370057B710;
			productRefGroup = 1BDBD05A1B5C21370057B710 /* Products */;
			projectDirPath = "";
			projectRoot = "";
			targets = (
				1BDBD0581B5C21370057B710 /* CircleLimit */,
				1BDBD0701B5C21370057B710 /* CircleLimitTests */,
			);
		};
/* End PBXProject section */

/* Begin PBXResourcesBuildPhase section */
		1BDBD0571B5C21370057B710 /* Resources */ = {
			isa = PBXResourcesBuildPhase;
			buildActionMask = 2147483647;
			files = (
				1BDBD0671B5C21370057B710 /* Main.storyboard in Resources */,
				1BDBD06C1B5C21370057B710 /* LaunchScreen.xib in Resources */,
				1B5979EF1CBB17A400CEAEA7 /* ColorPicker.storyboard in Resources */,
				1BDBD0691B5C21370057B710 /* Images.xcassets in Resources */,
			);
			runOnlyForDeploymentPostprocessing = 0;
		};
		1BDBD06F1B5C21370057B710 /* Resources */ = {
			isa = PBXResourcesBuildPhase;
			buildActionMask = 2147483647;
			files = (
			);
			runOnlyForDeploymentPostprocessing = 0;
		};
/* End PBXResourcesBuildPhase section */

/* Begin PBXSourcesBuildPhase section */
		1BDBD0551B5C21370057B710 /* Sources */ = {
			isa = PBXSourcesBuildPhase;
			buildActionMask = 2147483647;
			files = (
				1BDBD05F1B5C21370057B710 /* AppDelegate.swift in Sources */,
				1B5979F21CBB17A400CEAEA7 /* ColorProtocols.swift in Sources */,
				1B6EB4731CAD724900B08F09 /* HyperbolicPolygon.swift in Sources */,
				1BC1B2C41C3D71B400FF17C6 /* GroupGeneration.swift in Sources */,
				1BC1B2C21C3D713300FF17C6 /* HyperbolicTransformation.swift in Sources */,
				1B5979FB1CBB17A400CEAEA7 /* TriangleView.swift in Sources */,
				1B6EB4751CAD727700B08F09 /* HDrawable.swift in Sources */,
				1B5979F11CBB17A400CEAEA7 /* ColorExtensions.swift in Sources */,
				1BC1B2C01C3D702D00FF17C6 /* LocationTable.swift in Sources */,
				1B6EB46E1CAD711D00B08F09 /* HyperbolicDot.swift in Sources */,
				1BDD539F1B7162620054445B /* DynamicProgramming.swift in Sources */,
				1BA2D5B31CA1E1C90036ACCD /* CenterPoint.swift in Sources */,
				1B5979F91CBB17A400CEAEA7 /* LightnessGradientView.swift in Sources */,
				1BDBD08F1B5C43590057B710 /* PoincareView.swift in Sources */,
				1B740F9A1C06A2FC0082BC4C /* Extensions.swift in Sources */,
				1BDBD0821B5C21BE0057B710 /* CircleViewController.swift in Sources */,
				1B6EB4701CAD716D00B08F09 /* HyperbolicPolyline.swift in Sources */,
				1BDBD0841B5C22740057B710 /* PoincareDisk.swift in Sources */,
				1B5979F61CBB17A400CEAEA7 /* GradientColorTriangle.swift in Sources */,
				1BDBD08A1B5C2BEA0057B710 /* Complex.swift in Sources */,
				1B5979FC1CBB17A400CEAEA7 /* TriangleViewController.swift in Sources */,
				1BDBD0621B5C21370057B710 /* CircleLimit.xcdatamodeld in Sources */,
			);
			runOnlyForDeploymentPostprocessing = 0;
		};
		1BDBD06D1B5C21370057B710 /* Sources */ = {
			isa = PBXSourcesBuildPhase;
			buildActionMask = 2147483647;
			files = (
				1BDBD0781B5C21370057B710 /* CircleLimitTests.swift in Sources */,
			);
			runOnlyForDeploymentPostprocessing = 0;
		};
/* End PBXSourcesBuildPhase section */

/* Begin PBXTargetDependency section */
		1BDBD0731B5C21370057B710 /* PBXTargetDependency */ = {
			isa = PBXTargetDependency;
			target = 1BDBD0581B5C21370057B710 /* CircleLimit */;
			targetProxy = 1BDBD0721B5C21370057B710 /* PBXContainerItemProxy */;
		};
/* End PBXTargetDependency section */

/* Begin PBXVariantGroup section */
		1B5979DC1CBB17A400CEAEA7 /* ColorPicker.storyboard */ = {
			isa = PBXVariantGroup;
			children = (
				1B5979DD1CBB17A400CEAEA7 /* Base */,
			);
			name = ColorPicker.storyboard;
			sourceTree = "<group>";
		};
		1BDBD0651B5C21370057B710 /* Main.storyboard */ = {
			isa = PBXVariantGroup;
			children = (
				1BDBD0661B5C21370057B710 /* Base */,
			);
			name = Main.storyboard;
			sourceTree = "<group>";
		};
		1BDBD06A1B5C21370057B710 /* LaunchScreen.xib */ = {
			isa = PBXVariantGroup;
			children = (
				1BDBD06B1B5C21370057B710 /* Base */,
			);
			name = LaunchScreen.xib;
			sourceTree = "<group>";
		};
/* End PBXVariantGroup section */

/* Begin XCBuildConfiguration section */
		1BDBD0791B5C21370057B710 /* Debug */ = {
			isa = XCBuildConfiguration;
			buildSettings = {
				ALWAYS_SEARCH_USER_PATHS = NO;
				CLANG_CXX_LANGUAGE_STANDARD = "gnu++0x";
				CLANG_CXX_LIBRARY = "libc++";
				CLANG_ENABLE_MODULES = YES;
				CLANG_ENABLE_OBJC_ARC = YES;
				CLANG_WARN_BOOL_CONVERSION = YES;
				CLANG_WARN_CONSTANT_CONVERSION = YES;
				CLANG_WARN_DIRECT_OBJC_ISA_USAGE = YES_ERROR;
				CLANG_WARN_EMPTY_BODY = YES;
				CLANG_WARN_ENUM_CONVERSION = YES;
				CLANG_WARN_INT_CONVERSION = YES;
				CLANG_WARN_OBJC_ROOT_CLASS = YES_ERROR;
				CLANG_WARN_UNREACHABLE_CODE = YES;
				CLANG_WARN__DUPLICATE_METHOD_MATCH = YES;
				"CODE_SIGN_IDENTITY[sdk=iphoneos*]" = "iPhone Developer";
				COPY_PHASE_STRIP = NO;
				DEBUG_INFORMATION_FORMAT = "dwarf-with-dsym";
				ENABLE_STRICT_OBJC_MSGSEND = YES;
				ENABLE_TESTABILITY = YES;
				GCC_C_LANGUAGE_STANDARD = gnu99;
				GCC_DYNAMIC_NO_PIC = NO;
				GCC_NO_COMMON_BLOCKS = YES;
				GCC_OPTIMIZATION_LEVEL = 0;
				GCC_PREPROCESSOR_DEFINITIONS = (
					"DEBUG=1",
					"$(inherited)",
				);
				GCC_SYMBOLS_PRIVATE_EXTERN = NO;
				GCC_WARN_64_TO_32_BIT_CONVERSION = YES;
				GCC_WARN_ABOUT_RETURN_TYPE = YES_ERROR;
				GCC_WARN_UNDECLARED_SELECTOR = YES;
				GCC_WARN_UNINITIALIZED_AUTOS = YES_AGGRESSIVE;
				GCC_WARN_UNUSED_FUNCTION = YES;
				GCC_WARN_UNUSED_VARIABLE = YES;
				IPHONEOS_DEPLOYMENT_TARGET = 8.4;
				MTL_ENABLE_DEBUG_INFO = YES;
				ONLY_ACTIVE_ARCH = YES;
				SDKROOT = iphoneos;
				SWIFT_OPTIMIZATION_LEVEL = "-Onone";
			};
			name = Debug;
		};
		1BDBD07A1B5C21370057B710 /* Release */ = {
			isa = XCBuildConfiguration;
			buildSettings = {
				ALWAYS_SEARCH_USER_PATHS = NO;
				CLANG_CXX_LANGUAGE_STANDARD = "gnu++0x";
				CLANG_CXX_LIBRARY = "libc++";
				CLANG_ENABLE_MODULES = YES;
				CLANG_ENABLE_OBJC_ARC = YES;
				CLANG_WARN_BOOL_CONVERSION = YES;
				CLANG_WARN_CONSTANT_CONVERSION = YES;
				CLANG_WARN_DIRECT_OBJC_ISA_USAGE = YES_ERROR;
				CLANG_WARN_EMPTY_BODY = YES;
				CLANG_WARN_ENUM_CONVERSION = YES;
				CLANG_WARN_INT_CONVERSION = YES;
				CLANG_WARN_OBJC_ROOT_CLASS = YES_ERROR;
				CLANG_WARN_UNREACHABLE_CODE = YES;
				CLANG_WARN__DUPLICATE_METHOD_MATCH = YES;
				"CODE_SIGN_IDENTITY[sdk=iphoneos*]" = "iPhone Developer";
				COPY_PHASE_STRIP = NO;
				DEBUG_INFORMATION_FORMAT = "dwarf-with-dsym";
				ENABLE_NS_ASSERTIONS = NO;
				ENABLE_STRICT_OBJC_MSGSEND = YES;
				GCC_C_LANGUAGE_STANDARD = gnu99;
				GCC_NO_COMMON_BLOCKS = YES;
				GCC_WARN_64_TO_32_BIT_CONVERSION = YES;
				GCC_WARN_ABOUT_RETURN_TYPE = YES_ERROR;
				GCC_WARN_UNDECLARED_SELECTOR = YES;
				GCC_WARN_UNINITIALIZED_AUTOS = YES_AGGRESSIVE;
				GCC_WARN_UNUSED_FUNCTION = YES;
				GCC_WARN_UNUSED_VARIABLE = YES;
				IPHONEOS_DEPLOYMENT_TARGET = 8.4;
				MTL_ENABLE_DEBUG_INFO = NO;
				SDKROOT = iphoneos;
				SWIFT_OPTIMIZATION_LEVEL = "-Onone";
				VALIDATE_PRODUCT = YES;
			};
			name = Release;
		};
		1BDBD07C1B5C21370057B710 /* Debug */ = {
			isa = XCBuildConfiguration;
			buildSettings = {
				ASSETCATALOG_COMPILER_APPICON_NAME = AppIcon;
				CODE_SIGN_IDENTITY = "iPhone Developer";
				"CODE_SIGN_IDENTITY[sdk=iphoneos*]" = "iPhone Developer";
				INFOPLIST_FILE = CircleLimit/Info.plist;
				IPHONEOS_DEPLOYMENT_TARGET = 9.3;
				LD_RUNPATH_SEARCH_PATHS = "$(inherited) @executable_path/Frameworks";
				PRODUCT_BUNDLE_IDENTIFIER = "edu.cuny.gc.jkahn.$(PRODUCT_NAME:rfc1034identifier)";
				PRODUCT_NAME = "$(TARGET_NAME)";
				PROVISIONING_PROFILE = "";
				TARGETED_DEVICE_FAMILY = "1,2";
			};
			name = Debug;
		};
		1BDBD07D1B5C21370057B710 /* Release */ = {
			isa = XCBuildConfiguration;
			buildSettings = {
				ASSETCATALOG_COMPILER_APPICON_NAME = AppIcon;
				CODE_SIGN_IDENTITY = "iPhone Developer";
				"CODE_SIGN_IDENTITY[sdk=iphoneos*]" = "iPhone Developer";
				INFOPLIST_FILE = CircleLimit/Info.plist;
				IPHONEOS_DEPLOYMENT_TARGET = 9.3;
				LD_RUNPATH_SEARCH_PATHS = "$(inherited) @executable_path/Frameworks";
				PRODUCT_BUNDLE_IDENTIFIER = "edu.cuny.gc.jkahn.$(PRODUCT_NAME:rfc1034identifier)";
				PRODUCT_NAME = "$(TARGET_NAME)";
				PROVISIONING_PROFILE = "";
				TARGETED_DEVICE_FAMILY = "1,2";
			};
			name = Release;
		};
		1BDBD07F1B5C21370057B710 /* Debug */ = {
			isa = XCBuildConfiguration;
			buildSettings = {
				BUNDLE_LOADER = "$(TEST_HOST)";
				GCC_PREPROCESSOR_DEFINITIONS = (
					"DEBUG=1",
					"$(inherited)",
				);
				INFOPLIST_FILE = CircleLimitTests/Info.plist;
				IPHONEOS_DEPLOYMENT_TARGET = 8.2;
				LD_RUNPATH_SEARCH_PATHS = "$(inherited) @executable_path/Frameworks @loader_path/Frameworks";
				PRODUCT_BUNDLE_IDENTIFIER = "edu.cuny.gc.jkahn.$(PRODUCT_NAME:rfc1034identifier)";
				PRODUCT_NAME = "$(TARGET_NAME)";
				TEST_HOST = "$(BUILT_PRODUCTS_DIR)/CircleLimit.app/CircleLimit";
			};
			name = Debug;
		};
		1BDBD0801B5C21370057B710 /* Release */ = {
			isa = XCBuildConfiguration;
			buildSettings = {
				BUNDLE_LOADER = "$(TEST_HOST)";
				INFOPLIST_FILE = CircleLimitTests/Info.plist;
				IPHONEOS_DEPLOYMENT_TARGET = 8.2;
				LD_RUNPATH_SEARCH_PATHS = "$(inherited) @executable_path/Frameworks @loader_path/Frameworks";
				PRODUCT_BUNDLE_IDENTIFIER = "edu.cuny.gc.jkahn.$(PRODUCT_NAME:rfc1034identifier)";
				PRODUCT_NAME = "$(TARGET_NAME)";
				TEST_HOST = "$(BUILT_PRODUCTS_DIR)/CircleLimit.app/CircleLimit";
			};
			name = Release;
		};
/* End XCBuildConfiguration section */

/* Begin XCConfigurationList section */
		1BDBD0541B5C21370057B710 /* Build configuration list for PBXProject "CircleLimit" */ = {
			isa = XCConfigurationList;
			buildConfigurations = (
				1BDBD0791B5C21370057B710 /* Debug */,
				1BDBD07A1B5C21370057B710 /* Release */,
			);
			defaultConfigurationIsVisible = 0;
			defaultConfigurationName = Release;
		};
		1BDBD07B1B5C21370057B710 /* Build configuration list for PBXNativeTarget "CircleLimit" */ = {
			isa = XCConfigurationList;
			buildConfigurations = (
				1BDBD07C1B5C21370057B710 /* Debug */,
				1BDBD07D1B5C21370057B710 /* Release */,
			);
			defaultConfigurationIsVisible = 0;
			defaultConfigurationName = Release;
		};
		1BDBD07E1B5C21370057B710 /* Build configuration list for PBXNativeTarget "CircleLimitTests" */ = {
			isa = XCConfigurationList;
			buildConfigurations = (
				1BDBD07F1B5C21370057B710 /* Debug */,
				1BDBD0801B5C21370057B710 /* Release */,
			);
			defaultConfigurationIsVisible = 0;
			defaultConfigurationName = Release;
		};
/* End XCConfigurationList section */

/* Begin XCVersionGroup section */
		1BDBD0601B5C21370057B710 /* CircleLimit.xcdatamodeld */ = {
			isa = XCVersionGroup;
			children = (
				1BDBD0611B5C21370057B710 /* CircleLimit.xcdatamodel */,
			);
			currentVersion = 1BDBD0611B5C21370057B710 /* CircleLimit.xcdatamodel */;
			path = CircleLimit.xcdatamodeld;
			sourceTree = "<group>";
			versionGroupType = wrapper.xcdatamodel;
		};
/* End XCVersionGroup section */
	};
	rootObject = 1BDBD0511B5C21370057B710 /* Project object */;
}
